
Microsoft Visual Studio Solution File, Format Version 12.00
# Visual Studio Version 16
VisualStudioVersion = 16.0.31005.135
MinimumVisualStudioVersion = 10.0.40219.1
Project("{8BC9CEB8-8B4A-11D0-8D11-00A0C91BC942}") = "task1_for", "task1_for\task1_for.vcxproj", "{232D1B69-CD43-4EC2-94BA-D0FA04F31081}"
EndProject
Project("{8BC9CEB8-8B4A-11D0-8D11-00A0C91BC942}") = "task1_while", "task1_while\task1_while.vcxproj", "{A39A993A-16B3-4435-9865-1C29673073EB}"
EndProject
Project("{8BC9CEB8-8B4A-11D0-8D11-00A0C91BC942}") = "task1_do", "task1_do\task1_do.vcxproj", "{AD7D5233-25CC-436B-9B31-78096CF8C3E0}"
EndProject
Global
	GlobalSection(SolutionConfigurationPlatforms) = preSolution
		Debug|x64 = Debug|x64
		Debug|x86 = Debug|x86
		Release|x64 = Release|x64
		Release|x86 = Release|x86
	EndGlobalSection
	GlobalSection(ProjectConfigurationPlatforms) = postSolution
		{232D1B69-CD43-4EC2-94BA-D0FA04F31081}.Debug|x64.ActiveCfg = Debug|x64
		{232D1B69-CD43-4EC2-94BA-D0FA04F31081}.Debug|x64.Build.0 = Debug|x64
		{232D1B69-CD43-4EC2-94BA-D0FA04F31081}.Debug|x86.ActiveCfg = Debug|Win32
		{232D1B69-CD43-4EC2-94BA-D0FA04F31081}.Debug|x86.Build.0 = Debug|Win32
		{232D1B69-CD43-4EC2-94BA-D0FA04F31081}.Release|x64.ActiveCfg = Release|x64
		{232D1B69-CD43-4EC2-94BA-D0FA04F31081}.Release|x64.Build.0 = Release|x64
		{232D1B69-CD43-4EC2-94BA-D0FA04F31081}.Release|x86.ActiveCfg = Release|Win32
		{232D1B69-CD43-4EC2-94BA-D0FA04F31081}.Release|x86.Build.0 = Release|Win32
		{A39A993A-16B3-4435-9865-1C29673073EB}.Debug|x64.ActiveCfg = Debug|x64
		{A39A993A-16B3-4435-9865-1C29673073EB}.Debug|x64.Build.0 = Debug|x64
		{A39A993A-16B3-4435-9865-1C29673073EB}.Debug|x86.ActiveCfg = Debug|Win32
		{A39A993A-16B3-4435-9865-1C29673073EB}.Debug|x86.Build.0 = Debug|Win32
		{A39A993A-16B3-4435-9865-1C29673073EB}.Release|x64.ActiveCfg = Release|x64
		{A39A993A-16B3-4435-9865-1C29673073EB}.Release|x64.Build.0 = Release|x64
		{A39A993A-16B3-4435-9865-1C29673073EB}.Release|x86.ActiveCfg = Release|Win32
		{A39A993A-16B3-4435-9865-1C29673073EB}.Release|x86.Build.0 = Release|Win32
		{AD7D5233-25CC-436B-9B31-78096CF8C3E0}.Debug|x64.ActiveCfg = Debug|x64
		{AD7D5233-25CC-436B-9B31-78096CF8C3E0}.Debug|x64.Build.0 = Debug|x64
		{AD7D5233-25CC-436B-9B31-78096CF8C3E0}.Debug|x86.ActiveCfg = Debug|Win32
		{AD7D5233-25CC-436B-9B31-78096CF8C3E0}.Debug|x86.Build.0 = Debug|Win32
		{AD7D5233-25CC-436B-9B31-78096CF8C3E0}.Release|x64.ActiveCfg = Release|x64
		{AD7D5233-25CC-436B-9B31-78096CF8C3E0}.Release|x64.Build.0 = Release|x64
		{AD7D5233-25CC-436B-9B31-78096CF8C3E0}.Release|x86.ActiveCfg = Release|Win32
		{AD7D5233-25CC-436B-9B31-78096CF8C3E0}.Release|x86.Build.0 = Release|Win32
	EndGlobalSection
	GlobalSection(SolutionProperties) = preSolution
		HideSolutionNode = FALSE
	EndGlobalSection
	GlobalSection(ExtensibilityGlobals) = postSolution
		SolutionGuid = {4E8ED99E-515A-4973-9A0F-0CD5FD87D39C}
	EndGlobalSection
EndGlobal
