
Microsoft Visual Studio Solution File, Format Version 12.00
# Visual Studio Version 16
VisualStudioVersion = 16.0.31005.135
MinimumVisualStudioVersion = 10.0.40219.1
Project("{8BC9CEB8-8B4A-11D0-8D11-00A0C91BC942}") = "task4_for", "task4_for\task4_for.vcxproj", "{CF66D0EE-6425-41ED-8ABF-A7BBFE4FDD86}"
EndProject
Project("{8BC9CEB8-8B4A-11D0-8D11-00A0C91BC942}") = "task4_while", "task4_while\task4_while.vcxproj", "{A0633DCD-4356-467A-855D-B16E1C7E3671}"
EndProject
Project("{8BC9CEB8-8B4A-11D0-8D11-00A0C91BC942}") = "task4_do", "task4_do\task4_do.vcxproj", "{7D5676E9-5EFD-4141-82B8-9929CA86F787}"
EndProject
Global
	GlobalSection(SolutionConfigurationPlatforms) = preSolution
		Debug|x64 = Debug|x64
		Debug|x86 = Debug|x86
		Release|x64 = Release|x64
		Release|x86 = Release|x86
	EndGlobalSection
	GlobalSection(ProjectConfigurationPlatforms) = postSolution
		{CF66D0EE-6425-41ED-8ABF-A7BBFE4FDD86}.Debug|x64.ActiveCfg = Debug|x64
		{CF66D0EE-6425-41ED-8ABF-A7BBFE4FDD86}.Debug|x64.Build.0 = Debug|x64
		{CF66D0EE-6425-41ED-8ABF-A7BBFE4FDD86}.Debug|x86.ActiveCfg = Debug|Win32
		{CF66D0EE-6425-41ED-8ABF-A7BBFE4FDD86}.Debug|x86.Build.0 = Debug|Win32
		{CF66D0EE-6425-41ED-8ABF-A7BBFE4FDD86}.Release|x64.ActiveCfg = Release|x64
		{CF66D0EE-6425-41ED-8ABF-A7BBFE4FDD86}.Release|x64.Build.0 = Release|x64
		{CF66D0EE-6425-41ED-8ABF-A7BBFE4FDD86}.Release|x86.ActiveCfg = Release|Win32
		{CF66D0EE-6425-41ED-8ABF-A7BBFE4FDD86}.Release|x86.Build.0 = Release|Win32
		{A0633DCD-4356-467A-855D-B16E1C7E3671}.Debug|x64.ActiveCfg = Debug|x64
		{A0633DCD-4356-467A-855D-B16E1C7E3671}.Debug|x64.Build.0 = Debug|x64
		{A0633DCD-4356-467A-855D-B16E1C7E3671}.Debug|x86.ActiveCfg = Debug|Win32
		{A0633DCD-4356-467A-855D-B16E1C7E3671}.Debug|x86.Build.0 = Debug|Win32
		{A0633DCD-4356-467A-855D-B16E1C7E3671}.Release|x64.ActiveCfg = Release|x64
		{A0633DCD-4356-467A-855D-B16E1C7E3671}.Release|x64.Build.0 = Release|x64
		{A0633DCD-4356-467A-855D-B16E1C7E3671}.Release|x86.ActiveCfg = Release|Win32
		{A0633DCD-4356-467A-855D-B16E1C7E3671}.Release|x86.Build.0 = Release|Win32
		{7D5676E9-5EFD-4141-82B8-9929CA86F787}.Debug|x64.ActiveCfg = Debug|x64
		{7D5676E9-5EFD-4141-82B8-9929CA86F787}.Debug|x64.Build.0 = Debug|x64
		{7D5676E9-5EFD-4141-82B8-9929CA86F787}.Debug|x86.ActiveCfg = Debug|Win32
		{7D5676E9-5EFD-4141-82B8-9929CA86F787}.Debug|x86.Build.0 = Debug|Win32
		{7D5676E9-5EFD-4141-82B8-9929CA86F787}.Release|x64.ActiveCfg = Release|x64
		{7D5676E9-5EFD-4141-82B8-9929CA86F787}.Release|x64.Build.0 = Release|x64
		{7D5676E9-5EFD-4141-82B8-9929CA86F787}.Release|x86.ActiveCfg = Release|Win32
		{7D5676E9-5EFD-4141-82B8-9929CA86F787}.Release|x86.Build.0 = Release|Win32
	EndGlobalSection
	GlobalSection(SolutionProperties) = preSolution
		HideSolutionNode = FALSE
	EndGlobalSection
	GlobalSection(ExtensibilityGlobals) = postSolution
		SolutionGuid = {87812A4C-9124-49A3-AC3E-FF8355FC8569}
	EndGlobalSection
EndGlobal
